
Microsoft Visual Studio Solution File, Format Version 12.00
# Visual Studio 2013
VisualStudioVersion = 12.0.30501.0
MinimumVisualStudioVersion = 10.0.40219.1
Project("{FAE04EC0-301F-11D3-BF4B-00C04F79EFBC}") = "BLL", "BLL\BLL.csproj", "{7165E44E-62E1-4859-A678-D4332BEA5ED3}"
EndProject
Project("{2150E333-8FDC-42A3-9474-1A3956D46DE8}") = "Deployment", "Deployment", "{6E530990-356F-46E3-9580-87CE24BB309E}"
EndProject
Project("{E24C65DC-7377-472B-9ABA-BC803B73C61A}") = "SnapMailWeb", "http://localhost:57033", "{88481767-FD14-4CDD-8D5F-6A6944D33F87}"
	ProjectSection(WebsiteProperties) = preProject
		UseIISExpress = "true"
		TargetFrameworkMoniker = ".NETFramework,Version%3Dv4.5"
		Debug.AspNetCompiler.VirtualPath = "/localhost_57033"
		Debug.AspNetCompiler.PhysicalPath = "SnapMailWeb\"
		Debug.AspNetCompiler.TargetPath = "PrecompiledWeb\localhost_57033\"
		Debug.AspNetCompiler.Updateable = "true"
		Debug.AspNetCompiler.ForceOverwrite = "true"
		Debug.AspNetCompiler.FixedNames = "false"
		Debug.AspNetCompiler.Debug = "True"
		Release.AspNetCompiler.VirtualPath = "/localhost_57033"
		Release.AspNetCompiler.PhysicalPath = "SnapMailWeb\"
		Release.AspNetCompiler.TargetPath = "PrecompiledWeb\localhost_57033\"
		Release.AspNetCompiler.Updateable = "true"
		Release.AspNetCompiler.ForceOverwrite = "true"
		Release.AspNetCompiler.FixedNames = "false"
		Release.AspNetCompiler.Debug = "False"
		SlnRelativePath = "SnapMailWeb\"
	EndProjectSection
EndProject
Project("{FAE04EC0-301F-11D3-BF4B-00C04F79EFBC}") = "SnapMailApi", "SnapMailApi\SnapMailApi.csproj", "{E0159982-3E82-4DF8-9151-42233A9F4DC9}"
EndProject
Project("{FAE04EC0-301F-11D3-BF4B-00C04F79EFBC}") = "SnapMailService", "SnapMailService\SnapMailService.csproj", "{5D986FD2-6C3F-4AB1-82E1-B347F2DD2706}"
EndProject
Project("{FAE04EC0-301F-11D3-BF4B-00C04F79EFBC}") = "Snapmailer", "Snapmailer\Snapmailer.csproj", "{E85FB7B6-1AD6-4FE1-86CF-59E2ED07EA9C}"
EndProject
Global
	GlobalSection(SolutionConfigurationPlatforms) = preSolution
		Debug|Any CPU = Debug|Any CPU
		Release|Any CPU = Release|Any CPU
	EndGlobalSection
	GlobalSection(ProjectConfigurationPlatforms) = postSolution
		{7165E44E-62E1-4859-A678-D4332BEA5ED3}.Debug|Any CPU.ActiveCfg = Debug|Any CPU
		{7165E44E-62E1-4859-A678-D4332BEA5ED3}.Debug|Any CPU.Build.0 = Debug|Any CPU
		{7165E44E-62E1-4859-A678-D4332BEA5ED3}.Release|Any CPU.ActiveCfg = Release|Any CPU
		{7165E44E-62E1-4859-A678-D4332BEA5ED3}.Release|Any CPU.Build.0 = Release|Any CPU
		{88481767-FD14-4CDD-8D5F-6A6944D33F87}.Debug|Any CPU.ActiveCfg = Debug|Any CPU
		{88481767-FD14-4CDD-8D5F-6A6944D33F87}.Debug|Any CPU.Build.0 = Debug|Any CPU
		{88481767-FD14-4CDD-8D5F-6A6944D33F87}.Release|Any CPU.ActiveCfg = Debug|Any CPU
		{88481767-FD14-4CDD-8D5F-6A6944D33F87}.Release|Any CPU.Build.0 = Debug|Any CPU
		{E0159982-3E82-4DF8-9151-42233A9F4DC9}.Debug|Any CPU.ActiveCfg = Debug|Any CPU
		{E0159982-3E82-4DF8-9151-42233A9F4DC9}.Debug|Any CPU.Build.0 = Debug|Any CPU
		{E0159982-3E82-4DF8-9151-42233A9F4DC9}.Release|Any CPU.ActiveCfg = Release|Any CPU
		{E0159982-3E82-4DF8-9151-42233A9F4DC9}.Release|Any CPU.Build.0 = Release|Any CPU
		{5D986FD2-6C3F-4AB1-82E1-B347F2DD2706}.Debug|Any CPU.ActiveCfg = Debug|Any CPU
		{5D986FD2-6C3F-4AB1-82E1-B347F2DD2706}.Debug|Any CPU.Build.0 = Debug|Any CPU
		{5D986FD2-6C3F-4AB1-82E1-B347F2DD2706}.Release|Any CPU.ActiveCfg = Release|Any CPU
		{5D986FD2-6C3F-4AB1-82E1-B347F2DD2706}.Release|Any CPU.Build.0 = Release|Any CPU
		{E85FB7B6-1AD6-4FE1-86CF-59E2ED07EA9C}.Debug|Any CPU.ActiveCfg = Debug|Any CPU
		{E85FB7B6-1AD6-4FE1-86CF-59E2ED07EA9C}.Debug|Any CPU.Build.0 = Debug|Any CPU
		{E85FB7B6-1AD6-4FE1-86CF-59E2ED07EA9C}.Release|Any CPU.ActiveCfg = Release|Any CPU
		{E85FB7B6-1AD6-4FE1-86CF-59E2ED07EA9C}.Release|Any CPU.Build.0 = Release|Any CPU
	EndGlobalSection
	GlobalSection(SolutionProperties) = preSolution
		HideSolutionNode = FALSE
	EndGlobalSection
EndGlobal
